// !$*UTF8*$!
{
	archiveVersion = 1;
	classes = {
	};
	objectVersion = 56;
	objects = {

/* Begin PBXBuildFile section */
		40419CDB2BA917B400F1AE75 /* test_1App.swift in Sources */ = {isa = PBXBuildFile; fileRef = 40419CDA2BA917B400F1AE75 /* test_1App.swift */; };
		40419CDD2BA917B400F1AE75 /* ContentView.swift in Sources */ = {isa = PBXBuildFile; fileRef = 40419CDC2BA917B400F1AE75 /* ContentView.swift */; };
		40419CDF2BA917B600F1AE75 /* Assets.xcassets in Resources */ = {isa = PBXBuildFile; fileRef = 40419CDE2BA917B600F1AE75 /* Assets.xcassets */; };
		40419CE22BA917B600F1AE75 /* Preview Assets.xcassets in Resources */ = {isa = PBXBuildFile; fileRef = 40419CE12BA917B600F1AE75 /* Preview Assets.xcassets */; };
		40419CEC2BA917B700F1AE75 /* test_1Tests.swift in Sources */ = {isa = PBXBuildFile; fileRef = 40419CEB2BA917B700F1AE75 /* test_1Tests.swift */; };
		40419CF62BA917B700F1AE75 /* test_1UITests.swift in Sources */ = {isa = PBXBuildFile; fileRef = 40419CF52BA917B700F1AE75 /* test_1UITests.swift */; };
		40419CF82BA917B700F1AE75 /* test_1UITestsLaunchTests.swift in Sources */ = {isa = PBXBuildFile; fileRef = 40419CF72BA917B700F1AE75 /* test_1UITestsLaunchTests.swift */; };
/* End PBXBuildFile section */

/* Begin PBXContainerItemProxy section */
		40419CE82BA917B700F1AE75 /* PBXContainerItemProxy */ = {
			isa = PBXContainerItemProxy;
			containerPortal = 40419CCF2BA917B400F1AE75 /* Project object */;
			proxyType = 1;
			remoteGlobalIDString = 40419CD62BA917B400F1AE75;
			remoteInfo = "test-1";
		};
		40419CF22BA917B700F1AE75 /* PBXContainerItemProxy */ = {
			isa = PBXContainerItemProxy;
			containerPortal = 40419CCF2BA917B400F1AE75 /* Project object */;
			proxyType = 1;
			remoteGlobalIDString = 40419CD62BA917B400F1AE75;
			remoteInfo = "test-1";
		};
/* End PBXContainerItemProxy section */

/* Begin PBXFileReference section */
		40419CD72BA917B400F1AE75 /* test-1.app */ = {isa = PBXFileReference; explicitFileType = wrapper.application; includeInIndex = 0; path = "test-1.app"; sourceTree = BUILT_PRODUCTS_DIR; };
		40419CDA2BA917B400F1AE75 /* test_1App.swift */ = {isa = PBXFileReference; lastKnownFileType = sourcecode.swift; path = test_1App.swift; sourceTree = "<group>"; };
		40419CDC2BA917B400F1AE75 /* ContentView.swift */ = {isa = PBXFileReference; lastKnownFileType = sourcecode.swift; path = ContentView.swift; sourceTree = "<group>"; };
		40419CDE2BA917B600F1AE75 /* Assets.xcassets */ = {isa = PBXFileReference; lastKnownFileType = folder.assetcatalog; path = Assets.xcassets; sourceTree = "<group>"; };
		40419CE12BA917B600F1AE75 /* Preview Assets.xcassets */ = {isa = PBXFileReference; lastKnownFileType = folder.assetcatalog; path = "Preview Assets.xcassets"; sourceTree = "<group>"; };
		40419CE72BA917B700F1AE75 /* test-1Tests.xctest */ = {isa = PBXFileReference; explicitFileType = wrapper.cfbundle; includeInIndex = 0; path = "test-1Tests.xctest"; sourceTree = BUILT_PRODUCTS_DIR; };
		40419CEB2BA917B700F1AE75 /* test_1Tests.swift */ = {isa = PBXFileReference; lastKnownFileType = sourcecode.swift; path = test_1Tests.swift; sourceTree = "<group>"; };
		40419CF12BA917B700F1AE75 /* test-1UITests.xctest */ = {isa = PBXFileReference; explicitFileType = wrapper.cfbundle; includeInIndex = 0; path = "test-1UITests.xctest"; sourceTree = BUILT_PRODUCTS_DIR; };
		40419CF52BA917B700F1AE75 /* test_1UITests.swift */ = {isa = PBXFileReference; lastKnownFileType = sourcecode.swift; path = test_1UITests.swift; sourceTree = "<group>"; };
		40419CF72BA917B700F1AE75 /* test_1UITestsLaunchTests.swift */ = {isa = PBXFileReference; lastKnownFileType = sourcecode.swift; path = test_1UITestsLaunchTests.swift; sourceTree = "<group>"; };
/* End PBXFileReference section */

/* Begin PBXFrameworksBuildPhase section */
		40419CD42BA917B400F1AE75 /* Frameworks */ = {
			isa = PBXFrameworksBuildPhase;
			buildActionMask = 2147483647;
			files = (
			);
			runOnlyForDeploymentPostprocessing = 0;
		};
		40419CE42BA917B700F1AE75 /* Frameworks */ = {
			isa = PBXFrameworksBuildPhase;
			buildActionMask = 2147483647;
			files = (
			);
			runOnlyForDeploymentPostprocessing = 0;
		};
		40419CEE2BA917B700F1AE75 /* Frameworks */ = {
			isa = PBXFrameworksBuildPhase;
			buildActionMask = 2147483647;
			files = (
			);
			runOnlyForDeploymentPostprocessing = 0;
		};
/* End PBXFrameworksBuildPhase section */

/* Begin PBXGroup section */
		40419CCE2BA917B400F1AE75 = {
			isa = PBXGroup;
			children = (
				40419CD92BA917B400F1AE75 /* test-1 */,
				40419CEA2BA917B700F1AE75 /* test-1Tests */,
				40419CF42BA917B700F1AE75 /* test-1UITests */,
				40419CD82BA917B400F1AE75 /* Products */,
			);
			sourceTree = "<group>";
		};
		40419CD82BA917B400F1AE75 /* Products */ = {
			isa = PBXGroup;
			children = (
				40419CD72BA917B400F1AE75 /* test-1.app */,
				40419CE72BA917B700F1AE75 /* test-1Tests.xctest */,
				40419CF12BA917B700F1AE75 /* test-1UITests.xctest */,
			);
			name = Products;
			sourceTree = "<group>";
		};
		40419CD92BA917B400F1AE75 /* test-1 */ = {
			isa = PBXGroup;
			children = (
				40419CDA2BA917B400F1AE75 /* test_1App.swift */,
				40419CDC2BA917B400F1AE75 /* ContentView.swift */,
				40419CDE2BA917B600F1AE75 /* Assets.xcassets */,
				40419CE02BA917B600F1AE75 /* Preview Content */,
			);
			path = "test-1";
			sourceTree = "<group>";
		};
		40419CE02BA917B600F1AE75 /* Preview Content */ = {
			isa = PBXGroup;
			children = (
				40419CE12BA917B600F1AE75 /* Preview Assets.xcassets */,
			);
			path = "Preview Content";
			sourceTree = "<group>";
		};
		40419CEA2BA917B700F1AE75 /* test-1Tests */ = {
			isa = PBXGroup;
			children = (
				40419CEB2BA917B700F1AE75 /* test_1Tests.swift */,
			);
			path = "test-1Tests";
			sourceTree = "<group>";
		};
		40419CF42BA917B700F1AE75 /* test-1UITests */ = {
			isa = PBXGroup;
			children = (
				40419CF52BA917B700F1AE75 /* test_1UITests.swift */,
				40419CF72BA917B700F1AE75 /* test_1UITestsLaunchTests.swift */,
			);
			path = "test-1UITests";
			sourceTree = "<group>";
		};
/* End PBXGroup section */

/* Begin PBXNativeTarget section */
		40419CD62BA917B400F1AE75 /* test-1 */ = {
			isa = PBXNativeTarget;
			buildConfigurationList = 40419CFB2BA917B700F1AE75 /* Build configuration list for PBXNativeTarget "test-1" */;
			buildPhases = (
				40419CD32BA917B400F1AE75 /* Sources */,
				40419CD42BA917B400F1AE75 /* Frameworks */,
				40419CD52BA917B400F1AE75 /* Resources */,
			);
			buildRules = (
			);
			dependencies = (
			);
			name = "test-1";
			productName = "test-1";
			productReference = 40419CD72BA917B400F1AE75 /* test-1.app */;
			productType = "com.apple.product-type.application";
		};
		40419CE62BA917B700F1AE75 /* test-1Tests */ = {
			isa = PBXNativeTarget;
			buildConfigurationList = 40419CFE2BA917B700F1AE75 /* Build configuration list for PBXNativeTarget "test-1Tests" */;
			buildPhases = (
				40419CE32BA917B700F1AE75 /* Sources */,
				40419CE42BA917B700F1AE75 /* Frameworks */,
				40419CE52BA917B700F1AE75 /* Resources */,
			);
			buildRules = (
			);
			dependencies = (
				40419CE92BA917B700F1AE75 /* PBXTargetDependency */,
			);
			name = "test-1Tests";
			productName = "test-1Tests";
			productReference = 40419CE72BA917B700F1AE75 /* test-1Tests.xctest */;
			productType = "com.apple.product-type.bundle.unit-test";
		};
		40419CF02BA917B700F1AE75 /* test-1UITests */ = {
			isa = PBXNativeTarget;
			buildConfigurationList = 40419D012BA917B700F1AE75 /* Build configuration list for PBXNativeTarget "test-1UITests" */;
			buildPhases = (
				40419CED2BA917B700F1AE75 /* Sources */,
				40419CEE2BA917B700F1AE75 /* Frameworks */,
				40419CEF2BA917B700F1AE75 /* Resources */,
			);
			buildRules = (
			);
			dependencies = (
				40419CF32BA917B700F1AE75 /* PBXTargetDependency */,
			);
			name = "test-1UITests";
			productName = "test-1UITests";
			productReference = 40419CF12BA917B700F1AE75 /* test-1UITests.xctest */;
			productType = "com.apple.product-type.bundle.ui-testing";
		};
/* End PBXNativeTarget section */

/* Begin PBXProject section */
		40419CCF2BA917B400F1AE75 /* Project object */ = {
			isa = PBXProject;
			attributes = {
				BuildIndependentTargetsInParallel = 1;
				LastSwiftUpdateCheck = 1520;
				LastUpgradeCheck = 1520;
				TargetAttributes = {
					40419CD62BA917B400F1AE75 = {
						CreatedOnToolsVersion = 15.2;
					};
					40419CE62BA917B700F1AE75 = {
						CreatedOnToolsVersion = 15.2;
						TestTargetID = 40419CD62BA917B400F1AE75;
					};
					40419CF02BA917B700F1AE75 = {
						CreatedOnToolsVersion = 15.2;
						TestTargetID = 40419CD62BA917B400F1AE75;
					};
				};
			};
			buildConfigurationList = 40419CD22BA917B400F1AE75 /* Build configuration list for PBXProject "test-1" */;
			compatibilityVersion = "Xcode 14.0";
			developmentRegion = en;
			hasScannedForEncodings = 0;
			knownRegions = (
				en,
				Base,
			);
			mainGroup = 40419CCE2BA917B400F1AE75;
			productRefGroup = 40419CD82BA917B400F1AE75 /* Products */;
			projectDirPath = "";
			projectRoot = "";
			targets = (
				40419CD62BA917B400F1AE75 /* test-1 */,
				40419CE62BA917B700F1AE75 /* test-1Tests */,
				40419CF02BA917B700F1AE75 /* test-1UITests */,
			);
		};
/* End PBXProject section */

/* Begin PBXResourcesBuildPhase section */
		40419CD52BA917B400F1AE75 /* Resources */ = {
			isa = PBXResourcesBuildPhase;
			buildActionMask = 2147483647;
			files = (
				40419CE22BA917B600F1AE75 /* Preview Assets.xcassets in Resources */,
				40419CDF2BA917B600F1AE75 /* Assets.xcassets in Resources */,
			);
			runOnlyForDeploymentPostprocessing = 0;
		};
		40419CE52BA917B700F1AE75 /* Resources */ = {
			isa = PBXResourcesBuildPhase;
			buildActionMask = 2147483647;
			files = (
			);
			runOnlyForDeploymentPostprocessing = 0;
		};
		40419CEF2BA917B700F1AE75 /* Resources */ = {
			isa = PBXResourcesBuildPhase;
			buildActionMask = 2147483647;
			files = (
			);
			runOnlyForDeploymentPostprocessing = 0;
		};
/* End PBXResourcesBuildPhase section */

/* Begin PBXSourcesBuildPhase section */
		40419CD32BA917B400F1AE75 /* Sources */ = {
			isa = PBXSourcesBuildPhase;
			buildActionMask = 2147483647;
			files = (
				40419CDD2BA917B400F1AE75 /* ContentView.swift in Sources */,
				40419CDB2BA917B400F1AE75 /* test_1App.swift in Sources */,
			);
			runOnlyForDeploymentPostprocessing = 0;
		};
		40419CE32BA917B700F1AE75 /* Sources */ = {
			isa = PBXSourcesBuildPhase;
			buildActionMask = 2147483647;
			files = (
				40419CEC2BA917B700F1AE75 /* test_1Tests.swift in Sources */,
			);
			runOnlyForDeploymentPostprocessing = 0;
		};
		40419CED2BA917B700F1AE75 /* Sources */ = {
			isa = PBXSourcesBuildPhase;
			buildActionMask = 2147483647;
			files = (
				40419CF82BA917B700F1AE75 /* test_1UITestsLaunchTests.swift in Sources */,
				40419CF62BA917B700F1AE75 /* test_1UITests.swift in Sources */,
			);
			runOnlyForDeploymentPostprocessing = 0;
		};
/* End PBXSourcesBuildPhase section */

/* Begin PBXTargetDependency section */
		40419CE92BA917B700F1AE75 /* PBXTargetDependency */ = {
			isa = PBXTargetDependency;
			target = 40419CD62BA917B400F1AE75 /* test-1 */;
			targetProxy = 40419CE82BA917B700F1AE75 /* PBXContainerItemProxy */;
		};
		40419CF32BA917B700F1AE75 /* PBXTargetDependency */ = {
			isa = PBXTargetDependency;
			target = 40419CD62BA917B400F1AE75 /* test-1 */;
			targetProxy = 40419CF22BA917B700F1AE75 /* PBXContainerItemProxy */;
		};
/* End PBXTargetDependency section */

/* Begin XCBuildConfiguration section */
		40419CF92BA917B700F1AE75 /* Debug */ = {
			isa = XCBuildConfiguration;
			buildSettings = {
				ALWAYS_SEARCH_USER_PATHS = NO;
				ASSETCATALOG_COMPILER_GENERATE_SWIFT_ASSET_SYMBOL_EXTENSIONS = YES;
				CLANG_ANALYZER_NONNULL = YES;
				CLANG_ANALYZER_NUMBER_OBJECT_CONVERSION = YES_AGGRESSIVE;
				CLANG_CXX_LANGUAGE_STANDARD = "gnu++20";
				CLANG_ENABLE_MODULES = YES;
				CLANG_ENABLE_OBJC_ARC = YES;
				CLANG_ENABLE_OBJC_WEAK = YES;
				CLANG_WARN_BLOCK_CAPTURE_AUTORELEASING = YES;
				CLANG_WARN_BOOL_CONVERSION = YES;
				CLANG_WARN_COMMA = YES;
				CLANG_WARN_CONSTANT_CONVERSION = YES;
				CLANG_WARN_DEPRECATED_OBJC_IMPLEMENTATIONS = YES;
				CLANG_WARN_DIRECT_OBJC_ISA_USAGE = YES_ERROR;
				CLANG_WARN_DOCUMENTATION_COMMENTS = YES;
				CLANG_WARN_EMPTY_BODY = YES;
				CLANG_WARN_ENUM_CONVERSION = YES;
				CLANG_WARN_INFINITE_RECURSION = YES;
				CLANG_WARN_INT_CONVERSION = YES;
				CLANG_WARN_NON_LITERAL_NULL_CONVERSION = YES;
				CLANG_WARN_OBJC_IMPLICIT_RETAIN_SELF = YES;
				CLANG_WARN_OBJC_LITERAL_CONVERSION = YES;
				CLANG_WARN_OBJC_ROOT_CLASS = YES_ERROR;
				CLANG_WARN_QUOTED_INCLUDE_IN_FRAMEWORK_HEADER = YES;
				CLANG_WARN_RANGE_LOOP_ANALYSIS = YES;
				CLANG_WARN_STRICT_PROTOTYPES = YES;
				CLANG_WARN_SUSPICIOUS_MOVE = YES;
				CLANG_WARN_UNGUARDED_AVAILABILITY = YES_AGGRESSIVE;
				CLANG_WARN_UNREACHABLE_CODE = YES;
				CLANG_WARN__DUPLICATE_METHOD_MATCH = YES;
				COPY_PHASE_STRIP = NO;
				DEBUG_INFORMATION_FORMAT = dwarf;
				ENABLE_STRICT_OBJC_MSGSEND = YES;
				ENABLE_TESTABILITY = YES;
				ENABLE_USER_SCRIPT_SANDBOXING = YES;
				GCC_C_LANGUAGE_STANDARD = gnu17;
				GCC_DYNAMIC_NO_PIC = NO;
				GCC_NO_COMMON_BLOCKS = YES;
				GCC_OPTIMIZATION_LEVEL = 0;
				GCC_PREPROCESSOR_DEFINITIONS = (
					"DEBUG=1",
					"$(inherited)",
				);
				GCC_WARN_64_TO_32_BIT_CONVERSION = YES;
				GCC_WARN_ABOUT_RETURN_TYPE = YES_ERROR;
				GCC_WARN_UNDECLARED_SELECTOR = YES;
				GCC_WARN_UNINITIALIZED_AUTOS = YES_AGGRESSIVE;
				GCC_WARN_UNUSED_FUNCTION = YES;
				GCC_WARN_UNUSED_VARIABLE = YES;
				IPHONEOS_DEPLOYMENT_TARGET = 17.2;
				LOCALIZATION_PREFERS_STRING_CATALOGS = YES;
				MTL_ENABLE_DEBUG_INFO = INCLUDE_SOURCE;
				MTL_FAST_MATH = YES;
				ONLY_ACTIVE_ARCH = YES;
				SDKROOT = iphoneos;
				SWIFT_ACTIVE_COMPILATION_CONDITIONS = "DEBUG $(inherited)";
				SWIFT_OPTIMIZATION_LEVEL = "-Onone";
			};
			name = Debug;
		};
		40419CFA2BA917B700F1AE75 /* Release */ = {
			isa = XCBuildConfiguration;
			buildSettings = {
				ALWAYS_SEARCH_USER_PATHS = NO;
				ASSETCATALOG_COMPILER_GENERATE_SWIFT_ASSET_SYMBOL_EXTENSIONS = YES;
				CLANG_ANALYZER_NONNULL = YES;
				CLANG_ANALYZER_NUMBER_OBJECT_CONVERSION = YES_AGGRESSIVE;
				CLANG_CXX_LANGUAGE_STANDARD = "gnu++20";
				CLANG_ENABLE_MODULES = YES;
				CLANG_ENABLE_OBJC_ARC = YES;
				CLANG_ENABLE_OBJC_WEAK = YES;
				CLANG_WARN_BLOCK_CAPTURE_AUTORELEASING = YES;
				CLANG_WARN_BOOL_CONVERSION = YES;
				CLANG_WARN_COMMA = YES;
				CLANG_WARN_CONSTANT_CONVERSION = YES;
				CLANG_WARN_DEPRECATED_OBJC_IMPLEMENTATIONS = YES;
				CLANG_WARN_DIRECT_OBJC_ISA_USAGE = YES_ERROR;
				CLANG_WARN_DOCUMENTATION_COMMENTS = YES;
				CLANG_WARN_EMPTY_BODY = YES;
				CLANG_WARN_ENUM_CONVERSION = YES;
				CLANG_WARN_INFINITE_RECURSION = YES;
				CLANG_WARN_INT_CONVERSION = YES;
				CLANG_WARN_NON_LITERAL_NULL_CONVERSION = YES;
				CLANG_WARN_OBJC_IMPLICIT_RETAIN_SELF = YES;
				CLANG_WARN_OBJC_LITERAL_CONVERSION = YES;
				CLANG_WARN_OBJC_ROOT_CLASS = YES_ERROR;
				CLANG_WARN_QUOTED_INCLUDE_IN_FRAMEWORK_HEADER = YES;
				CLANG_WARN_RANGE_LOOP_ANALYSIS = YES;
				CLANG_WARN_STRICT_PROTOTYPES = YES;
				CLANG_WARN_SUSPICIOUS_MOVE = YES;
				CLANG_WARN_UNGUARDED_AVAILABILITY = YES_AGGRESSIVE;
				CLANG_WARN_UNREACHABLE_CODE = YES;
				CLANG_WARN__DUPLICATE_METHOD_MATCH = YES;
				COPY_PHASE_STRIP = NO;
				DEBUG_INFORMATION_FORMAT = "dwarf-with-dsym";
				ENABLE_NS_ASSERTIONS = NO;
				ENABLE_STRICT_OBJC_MSGSEND = YES;
				ENABLE_USER_SCRIPT_SANDBOXING = YES;
				GCC_C_LANGUAGE_STANDARD = gnu17;
				GCC_NO_COMMON_BLOCKS = YES;
				GCC_WARN_64_TO_32_BIT_CONVERSION = YES;
				GCC_WARN_ABOUT_RETURN_TYPE = YES_ERROR;
				GCC_WARN_UNDECLARED_SELECTOR = YES;
				GCC_WARN_UNINITIALIZED_AUTOS = YES_AGGRESSIVE;
				GCC_WARN_UNUSED_FUNCTION = YES;
				GCC_WARN_UNUSED_VARIABLE = YES;
				IPHONEOS_DEPLOYMENT_TARGET = 17.2;
				LOCALIZATION_PREFERS_STRING_CATALOGS = YES;
				MTL_ENABLE_DEBUG_INFO = NO;
				MTL_FAST_MATH = YES;
				SDKROOT = iphoneos;
				SWIFT_COMPILATION_MODE = wholemodule;
				VALIDATE_PRODUCT = YES;
			};
			name = Release;
		};
		40419CFC2BA917B700F1AE75 /* Debug */ = {
			isa = XCBuildConfiguration;
			buildSettings = {
				ASSETCATALOG_COMPILER_APPICON_NAME = AppIcon;
				ASSETCATALOG_COMPILER_GLOBAL_ACCENT_COLOR_NAME = AccentColor;
				CODE_SIGN_STYLE = Automatic;
				CURRENT_PROJECT_VERSION = 1;
				DEVELOPMENT_ASSET_PATHS = "\"test-1/Preview Content\"";
				DEVELOPMENT_TEAM = JTW3HFSSJ3;
				ENABLE_PREVIEWS = YES;
				GENERATE_INFOPLIST_FILE = YES;
				INFOPLIST_KEY_UIApplicationSceneManifest_Generation = YES;
				INFOPLIST_KEY_UIApplicationSupportsIndirectInputEvents = YES;
				INFOPLIST_KEY_UILaunchScreen_Generation = YES;
				INFOPLIST_KEY_UISupportedInterfaceOrientations_iPad = "UIInterfaceOrientationPortrait UIInterfaceOrientationPortraitUpsideDown UIInterfaceOrientationLandscapeLeft UIInterfaceOrientationLandscapeRight";
				INFOPLIST_KEY_UISupportedInterfaceOrientations_iPhone = "UIInterfaceOrientationPortrait UIInterfaceOrientationLandscapeLeft UIInterfaceOrientationLandscapeRight";
				LD_RUNPATH_SEARCH_PATHS = (
					"$(inherited)",
					"@executable_path/Frameworks",
				);
				MARKETING_VERSION = 1.0;
				PRODUCT_BUNDLE_IDENTIFIER = "alodotad.test-1";
				PRODUCT_NAME = "$(TARGET_NAME)";
				SWIFT_EMIT_LOC_STRINGS = YES;
				SWIFT_VERSION = 5.0;
				TARGETED_DEVICE_FAMILY = "1,2";
			};
			name = Debug;
		};
		40419CFD2BA917B700F1AE75 /* Release */ = {
			isa = XCBuildConfiguration;
			buildSettings = {
				ASSETCATALOG_COMPILER_APPICON_NAME = AppIcon;
				ASSETCATALOG_COMPILER_GLOBAL_ACCENT_COLOR_NAME = AccentColor;
				CODE_SIGN_STYLE = Automatic;
				CURRENT_PROJECT_VERSION = 1;
				DEVELOPMENT_ASSET_PATHS = "\"test-1/Preview Content\"";
				DEVELOPMENT_TEAM = JTW3HFSSJ3;
				ENABLE_PREVIEWS = YES;
				GENERATE_INFOPLIST_FILE = YES;
				INFOPLIST_KEY_UIApplicationSceneManifest_Generation = YES;
				INFOPLIST_KEY_UIApplicationSupportsIndirectInputEvents = YES;
				INFOPLIST_KEY_UILaunchScreen_Generation = YES;
				INFOPLIST_KEY_UISupportedInterfaceOrientations_iPad = "UIInterfaceOrientationPortrait UIInterfaceOrientationPortraitUpsideDown UIInterfaceOrientationLandscapeLeft UIInterfaceOrientationLandscapeRight";
				INFOPLIST_KEY_UISupportedInterfaceOrientations_iPhone = "UIInterfaceOrientationPortrait UIInterfaceOrientationLandscapeLeft UIInterfaceOrientationLandscapeRight";
				LD_RUNPATH_SEARCH_PATHS = (
					"$(inherited)",
					"@executable_path/Frameworks",
				);
				MARKETING_VERSION = 1.0;
				PRODUCT_BUNDLE_IDENTIFIER = "alodotad.test-1";
				PRODUCT_NAME = "$(TARGET_NAME)";
				SWIFT_EMIT_LOC_STRINGS = YES;
				SWIFT_VERSION = 5.0;
				TARGETED_DEVICE_FAMILY = "1,2";
			};
			name = Release;
		};
		40419CFF2BA917B700F1AE75 /* Debug */ = {
			isa = XCBuildConfiguration;
			buildSettings = {
				ALWAYS_EMBED_SWIFT_STANDARD_LIBRARIES = YES;
				BUNDLE_LOADER = "$(TEST_HOST)";
				CODE_SIGN_STYLE = Automatic;
				CURRENT_PROJECT_VERSION = 1;
				DEVELOPMENT_TEAM = JTW3HFSSJ3;
				GENERATE_INFOPLIST_FILE = YES;
				IPHONEOS_DEPLOYMENT_TARGET = 17.2;
				MARKETING_VERSION = 1.0;
				PRODUCT_BUNDLE_IDENTIFIER = "alodotad.test-1Tests";
				PRODUCT_NAME = "$(TARGET_NAME)";
				SWIFT_EMIT_LOC_STRINGS = NO;
				SWIFT_VERSION = 5.0;
				TARGETED_DEVICE_FAMILY = "1,2";
				TEST_HOST = "$(BUILT_PRODUCTS_DIR)/test-1.app/$(BUNDLE_EXECUTABLE_FOLDER_PATH)/test-1";
			};
			name = Debug;
		};
		40419D002BA917B700F1AE75 /* Release */ = {
			isa = XCBuildConfiguration;
			buildSettings = {
				ALWAYS_EMBED_SWIFT_STANDARD_LIBRARIES = YES;
				BUNDLE_LOADER = "$(TEST_HOST)";
				CODE_SIGN_STYLE = Automatic;
				CURRENT_PROJECT_VERSION = 1;
				DEVELOPMENT_TEAM = JTW3HFSSJ3;
				GENERATE_INFOPLIST_FILE = YES;
				IPHONEOS_DEPLOYMENT_TARGET = 17.2;
				MARKETING_VERSION = 1.0;
				PRODUCT_BUNDLE_IDENTIFIER = "alodotad.test-1Tests";
				PRODUCT_NAME = "$(TARGET_NAME)";
				SWIFT_EMIT_LOC_STRINGS = NO;
				SWIFT_VERSION = 5.0;
				TARGETED_DEVICE_FAMILY = "1,2";
				TEST_HOST = "$(BUILT_PRODUCTS_DIR)/test-1.app/$(BUNDLE_EXECUTABLE_FOLDER_PATH)/test-1";
			};
			name = Release;
		};
		40419D022BA917B700F1AE75 /* Debug */ = {
			isa = XCBuildConfiguration;
			buildSettings = {
				ALWAYS_EMBED_SWIFT_STANDARD_LIBRARIES = YES;
				CODE_SIGN_STYLE = Automatic;
				CURRENT_PROJECT_VERSION = 1;
				DEVELOPMENT_TEAM = JTW3HFSSJ3;
				GENERATE_INFOPLIST_FILE = YES;
				MARKETING_VERSION = 1.0;
				PRODUCT_BUNDLE_IDENTIFIER = "alodotad.test-1UITests";
				PRODUCT_NAME = "$(TARGET_NAME)";
				SWIFT_EMIT_LOC_STRINGS = NO;
				SWIFT_VERSION = 5.0;
				TARGETED_DEVICE_FAMILY = "1,2";
				TEST_TARGET_NAME = "test-1";
			};
			name = Debug;
		};
		40419D032BA917B700F1AE75 /* Release */ = {
			isa = XCBuildConfiguration;
			buildSettings = {
				ALWAYS_EMBED_SWIFT_STANDARD_LIBRARIES = YES;
				CODE_SIGN_STYLE = Automatic;
				CURRENT_PROJECT_VERSION = 1;
				DEVELOPMENT_TEAM = JTW3HFSSJ3;
				GENERATE_INFOPLIST_FILE = YES;
				MARKETING_VERSION = 1.0;
				PRODUCT_BUNDLE_IDENTIFIER = "alodotad.test-1UITests";
				PRODUCT_NAME = "$(TARGET_NAME)";
				SWIFT_EMIT_LOC_STRINGS = NO;
				SWIFT_VERSION = 5.0;
				TARGETED_DEVICE_FAMILY = "1,2";
				TEST_TARGET_NAME = "test-1";
			};
			name = Release;
		};
/* End XCBuildConfiguration section */

/* Begin XCConfigurationList section */
		40419CD22BA917B400F1AE75 /* Build configuration list for PBXProject "test-1" */ = {
			isa = XCConfigurationList;
			buildConfigurations = (
				40419CF92BA917B700F1AE75 /* Debug */,
				40419CFA2BA917B700F1AE75 /* Release */,
			);
			defaultConfigurationIsVisible = 0;
			defaultConfigurationName = Release;
		};
		40419CFB2BA917B700F1AE75 /* Build configuration list for PBXNativeTarget "test-1" */ = {
			isa = XCConfigurationList;
			buildConfigurations = (
				40419CFC2BA917B700F1AE75 /* Debug */,
				40419CFD2BA917B700F1AE75 /* Release */,
			);
			defaultConfigurationIsVisible = 0;
			defaultConfigurationName = Release;
		};
		40419CFE2BA917B700F1AE75 /* Build configuration list for PBXNativeTarget "test-1Tests" */ = {
			isa = XCConfigurationList;
			buildConfigurations = (
				40419CFF2BA917B700F1AE75 /* Debug */,
				40419D002BA917B700F1AE75 /* Release */,
			);
			defaultConfigurationIsVisible = 0;
			defaultConfigurationName = Release;
		};
		40419D012BA917B700F1AE75 /* Build configuration list for PBXNativeTarget "test-1UITests" */ = {
			isa = XCConfigurationList;
			buildConfigurations = (
				40419D022BA917B700F1AE75 /* Debug */,
				40419D032BA917B700F1AE75 /* Release */,
			);
			defaultConfigurationIsVisible = 0;
			defaultConfigurationName = Release;
		};
/* End XCConfigurationList section */
	};
	rootObject = 40419CCF2BA917B400F1AE75 /* Project object */;
}
